// !$*UTF8*$!
{
	archiveVersion = 1;
	classes = {
	};
	objectVersion = 55;
	objects = {

/* Begin PBXBuildFile section */
		A73FCE39294594290086F194 /* TabBar.swift in Sources */ = {isa = PBXBuildFile; fileRef = A73FCE38294594290086F194 /* TabBar.swift */; };
		A73FCE3B29459BFD0086F194 /* Tab.swift in Sources */ = {isa = PBXBuildFile; fileRef = A73FCE3A29459BFD0086F194 /* Tab.swift */; };
		A73FCE3F2945E47B0086F194 /* HomeView.swift in Sources */ = {isa = PBXBuildFile; fileRef = A73FCE3E2945E47A0086F194 /* HomeView.swift */; };
		A73FCE432945EE9C0086F194 /* NavigationBarView.swift in Sources */ = {isa = PBXBuildFile; fileRef = A73FCE422945EE9C0086F194 /* NavigationBarView.swift */; };
		A73FCE452945F0320086F194 /* FeatureItemView.swift in Sources */ = {isa = PBXBuildFile; fileRef = A73FCE442945F0320086F194 /* FeatureItemView.swift */; };
		A73FCE472945FD030086F194 /* PreferenceKeys.swift in Sources */ = {isa = PBXBuildFile; fileRef = A73FCE462945FD030086F194 /* PreferenceKeys.swift */; };
		A73FCE49294606500086F194 /* AnimatableFontModifier.swift in Sources */ = {isa = PBXBuildFile; fileRef = A73FCE48294606500086F194 /* AnimatableFontModifier.swift */; };
		A78AB0AA29433191008823EB /* Styles.swift in Sources */ = {isa = PBXBuildFile; fileRef = A78AB0A929433191008823EB /* Styles.swift */; };
		A78AB0AC29434ADD008823EB /* AccountView.swift in Sources */ = {isa = PBXBuildFile; fileRef = A78AB0AB29434ADD008823EB /* AccountView.swift */; };
		A78AB0AE29437D55008823EB /* BlobView.swift in Sources */ = {isa = PBXBuildFile; fileRef = A78AB0AD29437D54008823EB /* BlobView.swift */; };
		A78AB0B029440FBC008823EB /* HexagonView.swift in Sources */ = {isa = PBXBuildFile; fileRef = A78AB0AF29440FBC008823EB /* HexagonView.swift */; };
		A7DB63AB2942E42E004F44D1 /* SwiftUI_iOS15DemoAppApp.swift in Sources */ = {isa = PBXBuildFile; fileRef = A7DB63AA2942E42E004F44D1 /* SwiftUI_iOS15DemoAppApp.swift */; };
		A7DB63AD2942E42E004F44D1 /* ContentView.swift in Sources */ = {isa = PBXBuildFile; fileRef = A7DB63AC2942E42E004F44D1 /* ContentView.swift */; };
		A7DB63AF2942E42F004F44D1 /* Assets.xcassets in Resources */ = {isa = PBXBuildFile; fileRef = A7DB63AE2942E42F004F44D1 /* Assets.xcassets */; };
		A7DB63B22942E42F004F44D1 /* Preview Assets.xcassets in Resources */ = {isa = PBXBuildFile; fileRef = A7DB63B12942E42F004F44D1 /* Preview Assets.xcassets */; };
		A7DB63BC2942E430004F44D1 /* SwiftUI_iOS15DemoAppTests.swift in Sources */ = {isa = PBXBuildFile; fileRef = A7DB63BB2942E430004F44D1 /* SwiftUI_iOS15DemoAppTests.swift */; };
		A7DB63C62942E430004F44D1 /* SwiftUI_iOS15DemoAppUITests.swift in Sources */ = {isa = PBXBuildFile; fileRef = A7DB63C52942E430004F44D1 /* SwiftUI_iOS15DemoAppUITests.swift */; };
		A7DB63C82942E430004F44D1 /* SwiftUI_iOS15DemoAppUITestsLaunchTests.swift in Sources */ = {isa = PBXBuildFile; fileRef = A7DB63C72942E430004F44D1 /* SwiftUI_iOS15DemoAppUITestsLaunchTests.swift */; };
/* End PBXBuildFile section */

/* Begin PBXContainerItemProxy section */
		A7DB63B82942E430004F44D1 /* PBXContainerItemProxy */ = {
			isa = PBXContainerItemProxy;
			containerPortal = A7DB639F2942E42E004F44D1 /* Project object */;
			proxyType = 1;
			remoteGlobalIDString = A7DB63A62942E42E004F44D1;
			remoteInfo = SwiftUI_iOS15DemoApp;
		};
		A7DB63C22942E430004F44D1 /* PBXContainerItemProxy */ = {
			isa = PBXContainerItemProxy;
			containerPortal = A7DB639F2942E42E004F44D1 /* Project object */;
			proxyType = 1;
			remoteGlobalIDString = A7DB63A62942E42E004F44D1;
			remoteInfo = SwiftUI_iOS15DemoApp;
		};
/* End PBXContainerItemProxy section */

/* Begin PBXFileReference section */
		A73FCE38294594290086F194 /* TabBar.swift */ = {isa = PBXFileReference; lastKnownFileType = sourcecode.swift; path = TabBar.swift; sourceTree = "<group>"; };
		A73FCE3A29459BFD0086F194 /* Tab.swift */ = {isa = PBXFileReference; lastKnownFileType = sourcecode.swift; path = Tab.swift; sourceTree = "<group>"; };
		A73FCE3E2945E47A0086F194 /* HomeView.swift */ = {isa = PBXFileReference; lastKnownFileType = sourcecode.swift; path = HomeView.swift; sourceTree = "<group>"; };
		A73FCE422945EE9C0086F194 /* NavigationBarView.swift */ = {isa = PBXFileReference; lastKnownFileType = sourcecode.swift; path = NavigationBarView.swift; sourceTree = "<group>"; };
		A73FCE442945F0320086F194 /* FeatureItemView.swift */ = {isa = PBXFileReference; lastKnownFileType = sourcecode.swift; path = FeatureItemView.swift; sourceTree = "<group>"; };
		A73FCE462945FD030086F194 /* PreferenceKeys.swift */ = {isa = PBXFileReference; lastKnownFileType = sourcecode.swift; path = PreferenceKeys.swift; sourceTree = "<group>"; };
		A73FCE48294606500086F194 /* AnimatableFontModifier.swift */ = {isa = PBXFileReference; lastKnownFileType = sourcecode.swift; path = AnimatableFontModifier.swift; sourceTree = "<group>"; };
		A78AB0A929433191008823EB /* Styles.swift */ = {isa = PBXFileReference; lastKnownFileType = sourcecode.swift; path = Styles.swift; sourceTree = "<group>"; };
		A78AB0AB29434ADD008823EB /* AccountView.swift */ = {isa = PBXFileReference; lastKnownFileType = sourcecode.swift; path = AccountView.swift; sourceTree = "<group>"; };
		A78AB0AD29437D54008823EB /* BlobView.swift */ = {isa = PBXFileReference; lastKnownFileType = sourcecode.swift; path = BlobView.swift; sourceTree = "<group>"; };
		A78AB0AF29440FBC008823EB /* HexagonView.swift */ = {isa = PBXFileReference; lastKnownFileType = sourcecode.swift; path = HexagonView.swift; sourceTree = "<group>"; };
		A7DB63A72942E42E004F44D1 /* SwiftUI_iOS15DemoApp.app */ = {isa = PBXFileReference; explicitFileType = wrapper.application; includeInIndex = 0; path = SwiftUI_iOS15DemoApp.app; sourceTree = BUILT_PRODUCTS_DIR; };
		A7DB63AA2942E42E004F44D1 /* SwiftUI_iOS15DemoAppApp.swift */ = {isa = PBXFileReference; lastKnownFileType = sourcecode.swift; path = SwiftUI_iOS15DemoAppApp.swift; sourceTree = "<group>"; };
		A7DB63AC2942E42E004F44D1 /* ContentView.swift */ = {isa = PBXFileReference; lastKnownFileType = sourcecode.swift; path = ContentView.swift; sourceTree = "<group>"; };
		A7DB63AE2942E42F004F44D1 /* Assets.xcassets */ = {isa = PBXFileReference; lastKnownFileType = folder.assetcatalog; path = Assets.xcassets; sourceTree = "<group>"; };
		A7DB63B12942E42F004F44D1 /* Preview Assets.xcassets */ = {isa = PBXFileReference; lastKnownFileType = folder.assetcatalog; path = "Preview Assets.xcassets"; sourceTree = "<group>"; };
		A7DB63B72942E430004F44D1 /* SwiftUI_iOS15DemoAppTests.xctest */ = {isa = PBXFileReference; explicitFileType = wrapper.cfbundle; includeInIndex = 0; path = SwiftUI_iOS15DemoAppTests.xctest; sourceTree = BUILT_PRODUCTS_DIR; };
		A7DB63BB2942E430004F44D1 /* SwiftUI_iOS15DemoAppTests.swift */ = {isa = PBXFileReference; lastKnownFileType = sourcecode.swift; path = SwiftUI_iOS15DemoAppTests.swift; sourceTree = "<group>"; };
		A7DB63C12942E430004F44D1 /* SwiftUI_iOS15DemoAppUITests.xctest */ = {isa = PBXFileReference; explicitFileType = wrapper.cfbundle; includeInIndex = 0; path = SwiftUI_iOS15DemoAppUITests.xctest; sourceTree = BUILT_PRODUCTS_DIR; };
		A7DB63C52942E430004F44D1 /* SwiftUI_iOS15DemoAppUITests.swift */ = {isa = PBXFileReference; lastKnownFileType = sourcecode.swift; path = SwiftUI_iOS15DemoAppUITests.swift; sourceTree = "<group>"; };
		A7DB63C72942E430004F44D1 /* SwiftUI_iOS15DemoAppUITestsLaunchTests.swift */ = {isa = PBXFileReference; lastKnownFileType = sourcecode.swift; path = SwiftUI_iOS15DemoAppUITestsLaunchTests.swift; sourceTree = "<group>"; };
/* End PBXFileReference section */

/* Begin PBXFrameworksBuildPhase section */
		A7DB63A42942E42E004F44D1 /* Frameworks */ = {
			isa = PBXFrameworksBuildPhase;
			buildActionMask = 2147483647;
			files = (
			);
			runOnlyForDeploymentPostprocessing = 0;
		};
		A7DB63B42942E430004F44D1 /* Frameworks */ = {
			isa = PBXFrameworksBuildPhase;
			buildActionMask = 2147483647;
			files = (
			);
			runOnlyForDeploymentPostprocessing = 0;
		};
		A7DB63BE2942E430004F44D1 /* Frameworks */ = {
			isa = PBXFrameworksBuildPhase;
			buildActionMask = 2147483647;
			files = (
			);
			runOnlyForDeploymentPostprocessing = 0;
		};
/* End PBXFrameworksBuildPhase section */

/* Begin PBXGroup section */
		A73FCE3C2945E4310086F194 /* Navigation */ = {
			isa = PBXGroup;
			children = (
				A7DB63AC2942E42E004F44D1 /* ContentView.swift */,
				A73FCE38294594290086F194 /* TabBar.swift */,
				A73FCE422945EE9C0086F194 /* NavigationBarView.swift */,
			);
			name = Navigation;
			sourceTree = "<group>";
		};
		A73FCE3D2945E44E0086F194 /* Views */ = {
			isa = PBXGroup;
			children = (
				A78AB0AB29434ADD008823EB /* AccountView.swift */,
				A73FCE3E2945E47A0086F194 /* HomeView.swift */,
			);
			name = Views;
			sourceTree = "<group>";
		};
		A73FCE402945E8E80086F194 /* Components */ = {
			isa = PBXGroup;
			children = (
				A78AB0AD29437D54008823EB /* BlobView.swift */,
				A78AB0AF29440FBC008823EB /* HexagonView.swift */,
				A73FCE442945F0320086F194 /* FeatureItemView.swift */,
			);
			name = Components;
			sourceTree = "<group>";
		};
		A73FCE412945E9090086F194 /* Model */ = {
			isa = PBXGroup;
			children = (
				A73FCE3A29459BFD0086F194 /* Tab.swift */,
				A73FCE462945FD030086F194 /* PreferenceKeys.swift */,
			);
			path = Model;
			sourceTree = "<group>";
		};
		A78AB0A829433180008823EB /* Styles */ = {
			isa = PBXGroup;
			children = (
				A78AB0A929433191008823EB /* Styles.swift */,
				A73FCE48294606500086F194 /* AnimatableFontModifier.swift */,
			);
			path = Styles;
			sourceTree = "<group>";
		};
		A7DB639E2942E42E004F44D1 = {
			isa = PBXGroup;
			children = (
				A7DB63A92942E42E004F44D1 /* SwiftUI_iOS15DemoApp */,
				A7DB63BA2942E430004F44D1 /* SwiftUI_iOS15DemoAppTests */,
				A7DB63C42942E430004F44D1 /* SwiftUI_iOS15DemoAppUITests */,
				A7DB63A82942E42E004F44D1 /* Products */,
			);
			sourceTree = "<group>";
		};
		A7DB63A82942E42E004F44D1 /* Products */ = {
			isa = PBXGroup;
			children = (
				A7DB63A72942E42E004F44D1 /* SwiftUI_iOS15DemoApp.app */,
				A7DB63B72942E430004F44D1 /* SwiftUI_iOS15DemoAppTests.xctest */,
				A7DB63C12942E430004F44D1 /* SwiftUI_iOS15DemoAppUITests.xctest */,
			);
			name = Products;
			sourceTree = "<group>";
		};
		A7DB63A92942E42E004F44D1 /* SwiftUI_iOS15DemoApp */ = {
			isa = PBXGroup;
			children = (
				A73FCE412945E9090086F194 /* Model */,
				A73FCE402945E8E80086F194 /* Components */,
				A73FCE3D2945E44E0086F194 /* Views */,
				A78AB0A829433180008823EB /* Styles */,
				A73FCE3C2945E4310086F194 /* Navigation */,
				A7DB63AA2942E42E004F44D1 /* SwiftUI_iOS15DemoAppApp.swift */,
				A7DB63AE2942E42F004F44D1 /* Assets.xcassets */,
				A7DB63B02942E42F004F44D1 /* Preview Content */,
			);
			path = SwiftUI_iOS15DemoApp;
			sourceTree = "<group>";
		};
		A7DB63B02942E42F004F44D1 /* Preview Content */ = {
			isa = PBXGroup;
			children = (
				A7DB63B12942E42F004F44D1 /* Preview Assets.xcassets */,
			);
			path = "Preview Content";
			sourceTree = "<group>";
		};
		A7DB63BA2942E430004F44D1 /* SwiftUI_iOS15DemoAppTests */ = {
			isa = PBXGroup;
			children = (
				A7DB63BB2942E430004F44D1 /* SwiftUI_iOS15DemoAppTests.swift */,
			);
			path = SwiftUI_iOS15DemoAppTests;
			sourceTree = "<group>";
		};
		A7DB63C42942E430004F44D1 /* SwiftUI_iOS15DemoAppUITests */ = {
			isa = PBXGroup;
			children = (
				A7DB63C52942E430004F44D1 /* SwiftUI_iOS15DemoAppUITests.swift */,
				A7DB63C72942E430004F44D1 /* SwiftUI_iOS15DemoAppUITestsLaunchTests.swift */,
			);
			path = SwiftUI_iOS15DemoAppUITests;
			sourceTree = "<group>";
		};
/* End PBXGroup section */

/* Begin PBXNativeTarget section */
		A7DB63A62942E42E004F44D1 /* SwiftUI_iOS15DemoApp */ = {
			isa = PBXNativeTarget;
			buildConfigurationList = A7DB63CB2942E430004F44D1 /* Build configuration list for PBXNativeTarget "SwiftUI_iOS15DemoApp" */;
			buildPhases = (
				A7DB63A32942E42E004F44D1 /* Sources */,
				A7DB63A42942E42E004F44D1 /* Frameworks */,
				A7DB63A52942E42E004F44D1 /* Resources */,
			);
			buildRules = (
			);
			dependencies = (
			);
			name = SwiftUI_iOS15DemoApp;
			productName = SwiftUI_iOS15DemoApp;
			productReference = A7DB63A72942E42E004F44D1 /* SwiftUI_iOS15DemoApp.app */;
			productType = "com.apple.product-type.application";
		};
		A7DB63B62942E430004F44D1 /* SwiftUI_iOS15DemoAppTests */ = {
			isa = PBXNativeTarget;
			buildConfigurationList = A7DB63CE2942E430004F44D1 /* Build configuration list for PBXNativeTarget "SwiftUI_iOS15DemoAppTests" */;
			buildPhases = (
				A7DB63B32942E430004F44D1 /* Sources */,
				A7DB63B42942E430004F44D1 /* Frameworks */,
				A7DB63B52942E430004F44D1 /* Resources */,
			);
			buildRules = (
			);
			dependencies = (
				A7DB63B92942E430004F44D1 /* PBXTargetDependency */,
			);
			name = SwiftUI_iOS15DemoAppTests;
			productName = SwiftUI_iOS15DemoAppTests;
			productReference = A7DB63B72942E430004F44D1 /* SwiftUI_iOS15DemoAppTests.xctest */;
			productType = "com.apple.product-type.bundle.unit-test";
		};
		A7DB63C02942E430004F44D1 /* SwiftUI_iOS15DemoAppUITests */ = {
			isa = PBXNativeTarget;
			buildConfigurationList = A7DB63D12942E430004F44D1 /* Build configuration list for PBXNativeTarget "SwiftUI_iOS15DemoAppUITests" */;
			buildPhases = (
				A7DB63BD2942E430004F44D1 /* Sources */,
				A7DB63BE2942E430004F44D1 /* Frameworks */,
				A7DB63BF2942E430004F44D1 /* Resources */,
			);
			buildRules = (
			);
			dependencies = (
				A7DB63C32942E430004F44D1 /* PBXTargetDependency */,
			);
			name = SwiftUI_iOS15DemoAppUITests;
			productName = SwiftUI_iOS15DemoAppUITests;
			productReference = A7DB63C12942E430004F44D1 /* SwiftUI_iOS15DemoAppUITests.xctest */;
			productType = "com.apple.product-type.bundle.ui-testing";
		};
/* End PBXNativeTarget section */

/* Begin PBXProject section */
		A7DB639F2942E42E004F44D1 /* Project object */ = {
			isa = PBXProject;
			attributes = {
				BuildIndependentTargetsInParallel = 1;
				LastSwiftUpdateCheck = 1310;
				LastUpgradeCheck = 1310;
				TargetAttributes = {
					A7DB63A62942E42E004F44D1 = {
						CreatedOnToolsVersion = 13.1;
					};
					A7DB63B62942E430004F44D1 = {
						CreatedOnToolsVersion = 13.1;
						TestTargetID = A7DB63A62942E42E004F44D1;
					};
					A7DB63C02942E430004F44D1 = {
						CreatedOnToolsVersion = 13.1;
						TestTargetID = A7DB63A62942E42E004F44D1;
					};
				};
			};
			buildConfigurationList = A7DB63A22942E42E004F44D1 /* Build configuration list for PBXProject "SwiftUI_iOS15DemoApp" */;
			compatibilityVersion = "Xcode 13.0";
			developmentRegion = en;
			hasScannedForEncodings = 0;
			knownRegions = (
				en,
				Base,
			);
			mainGroup = A7DB639E2942E42E004F44D1;
			productRefGroup = A7DB63A82942E42E004F44D1 /* Products */;
			projectDirPath = "";
			projectRoot = "";
			targets = (
				A7DB63A62942E42E004F44D1 /* SwiftUI_iOS15DemoApp */,
				A7DB63B62942E430004F44D1 /* SwiftUI_iOS15DemoAppTests */,
				A7DB63C02942E430004F44D1 /* SwiftUI_iOS15DemoAppUITests */,
			);
		};
/* End PBXProject section */

/* Begin PBXResourcesBuildPhase section */
		A7DB63A52942E42E004F44D1 /* Resources */ = {
			isa = PBXResourcesBuildPhase;
			buildActionMask = 2147483647;
			files = (
				A7DB63B22942E42F004F44D1 /* Preview Assets.xcassets in Resources */,
				A7DB63AF2942E42F004F44D1 /* Assets.xcassets in Resources */,
			);
			runOnlyForDeploymentPostprocessing = 0;
		};
		A7DB63B52942E430004F44D1 /* Resources */ = {
			isa = PBXResourcesBuildPhase;
			buildActionMask = 2147483647;
			files = (
			);
			runOnlyForDeploymentPostprocessing = 0;
		};
		A7DB63BF2942E430004F44D1 /* Resources */ = {
			isa = PBXResourcesBuildPhase;
			buildActionMask = 2147483647;
			files = (
			);
			runOnlyForDeploymentPostprocessing = 0;
		};
/* End PBXResourcesBuildPhase section */

/* Begin PBXSourcesBuildPhase section */
		A7DB63A32942E42E004F44D1 /* Sources */ = {
			isa = PBXSourcesBuildPhase;
			buildActionMask = 2147483647;
			files = (
				A73FCE3F2945E47B0086F194 /* HomeView.swift in Sources */,
				A78AB0AE29437D55008823EB /* BlobView.swift in Sources */,
				A78AB0AC29434ADD008823EB /* AccountView.swift in Sources */,
				A73FCE452945F0320086F194 /* FeatureItemView.swift in Sources */,
				A78AB0AA29433191008823EB /* Styles.swift in Sources */,
				A73FCE432945EE9C0086F194 /* NavigationBarView.swift in Sources */,
				A73FCE3B29459BFD0086F194 /* Tab.swift in Sources */,
				A7DB63AD2942E42E004F44D1 /* ContentView.swift in Sources */,
				A7DB63AB2942E42E004F44D1 /* SwiftUI_iOS15DemoAppApp.swift in Sources */,
				A78AB0B029440FBC008823EB /* HexagonView.swift in Sources */,
				A73FCE472945FD030086F194 /* PreferenceKeys.swift in Sources */,
				A73FCE39294594290086F194 /* TabBar.swift in Sources */,
				A73FCE49294606500086F194 /* AnimatableFontModifier.swift in Sources */,
			);
			runOnlyForDeploymentPostprocessing = 0;
		};
		A7DB63B32942E430004F44D1 /* Sources */ = {
			isa = PBXSourcesBuildPhase;
			buildActionMask = 2147483647;
			files = (
				A7DB63BC2942E430004F44D1 /* SwiftUI_iOS15DemoAppTests.swift in Sources */,
			);
			runOnlyForDeploymentPostprocessing = 0;
		};
		A7DB63BD2942E430004F44D1 /* Sources */ = {
			isa = PBXSourcesBuildPhase;
			buildActionMask = 2147483647;
			files = (
				A7DB63C62942E430004F44D1 /* SwiftUI_iOS15DemoAppUITests.swift in Sources */,
				A7DB63C82942E430004F44D1 /* SwiftUI_iOS15DemoAppUITestsLaunchTests.swift in Sources */,
			);
			runOnlyForDeploymentPostprocessing = 0;
		};
/* End PBXSourcesBuildPhase section */

/* Begin PBXTargetDependency section */
		A7DB63B92942E430004F44D1 /* PBXTargetDependency */ = {
			isa = PBXTargetDependency;
			target = A7DB63A62942E42E004F44D1 /* SwiftUI_iOS15DemoApp */;
			targetProxy = A7DB63B82942E430004F44D1 /* PBXContainerItemProxy */;
		};
		A7DB63C32942E430004F44D1 /* PBXTargetDependency */ = {
			isa = PBXTargetDependency;
			target = A7DB63A62942E42E004F44D1 /* SwiftUI_iOS15DemoApp */;
			targetProxy = A7DB63C22942E430004F44D1 /* PBXContainerItemProxy */;
		};
/* End PBXTargetDependency section */

/* Begin XCBuildConfiguration section */
		A7DB63C92942E430004F44D1 /* Debug */ = {
			isa = XCBuildConfiguration;
			buildSettings = {
				ALWAYS_SEARCH_USER_PATHS = NO;
				CLANG_ANALYZER_NONNULL = YES;
				CLANG_ANALYZER_NUMBER_OBJECT_CONVERSION = YES_AGGRESSIVE;
				CLANG_CXX_LANGUAGE_STANDARD = "gnu++17";
				CLANG_CXX_LIBRARY = "libc++";
				CLANG_ENABLE_MODULES = YES;
				CLANG_ENABLE_OBJC_ARC = YES;
				CLANG_ENABLE_OBJC_WEAK = YES;
				CLANG_WARN_BLOCK_CAPTURE_AUTORELEASING = YES;
				CLANG_WARN_BOOL_CONVERSION = YES;
				CLANG_WARN_COMMA = YES;
				CLANG_WARN_CONSTANT_CONVERSION = YES;
				CLANG_WARN_DEPRECATED_OBJC_IMPLEMENTATIONS = YES;
				CLANG_WARN_DIRECT_OBJC_ISA_USAGE = YES_ERROR;
				CLANG_WARN_DOCUMENTATION_COMMENTS = YES;
				CLANG_WARN_EMPTY_BODY = YES;
				CLANG_WARN_ENUM_CONVERSION = YES;
				CLANG_WARN_INFINITE_RECURSION = YES;
				CLANG_WARN_INT_CONVERSION = YES;
				CLANG_WARN_NON_LITERAL_NULL_CONVERSION = YES;
				CLANG_WARN_OBJC_IMPLICIT_RETAIN_SELF = YES;
				CLANG_WARN_OBJC_LITERAL_CONVERSION = YES;
				CLANG_WARN_OBJC_ROOT_CLASS = YES_ERROR;
				CLANG_WARN_QUOTED_INCLUDE_IN_FRAMEWORK_HEADER = YES;
				CLANG_WARN_RANGE_LOOP_ANALYSIS = YES;
				CLANG_WARN_STRICT_PROTOTYPES = YES;
				CLANG_WARN_SUSPICIOUS_MOVE = YES;
				CLANG_WARN_UNGUARDED_AVAILABILITY = YES_AGGRESSIVE;
				CLANG_WARN_UNREACHABLE_CODE = YES;
				CLANG_WARN__DUPLICATE_METHOD_MATCH = YES;
				COPY_PHASE_STRIP = NO;
				DEBUG_INFORMATION_FORMAT = dwarf;
				ENABLE_STRICT_OBJC_MSGSEND = YES;
				ENABLE_TESTABILITY = YES;
				GCC_C_LANGUAGE_STANDARD = gnu11;
				GCC_DYNAMIC_NO_PIC = NO;
				GCC_NO_COMMON_BLOCKS = YES;
				GCC_OPTIMIZATION_LEVEL = 0;
				GCC_PREPROCESSOR_DEFINITIONS = (
					"DEBUG=1",
					"$(inherited)",
				);
				GCC_WARN_64_TO_32_BIT_CONVERSION = YES;
				GCC_WARN_ABOUT_RETURN_TYPE = YES_ERROR;
				GCC_WARN_UNDECLARED_SELECTOR = YES;
				GCC_WARN_UNINITIALIZED_AUTOS = YES_AGGRESSIVE;
				GCC_WARN_UNUSED_FUNCTION = YES;
				GCC_WARN_UNUSED_VARIABLE = YES;
				IPHONEOS_DEPLOYMENT_TARGET = 15.0;
				MTL_ENABLE_DEBUG_INFO = INCLUDE_SOURCE;
				MTL_FAST_MATH = YES;
				ONLY_ACTIVE_ARCH = YES;
				SDKROOT = iphoneos;
				SWIFT_ACTIVE_COMPILATION_CONDITIONS = DEBUG;
				SWIFT_OPTIMIZATION_LEVEL = "-Onone";
			};
			name = Debug;
		};
		A7DB63CA2942E430004F44D1 /* Release */ = {
			isa = XCBuildConfiguration;
			buildSettings = {
				ALWAYS_SEARCH_USER_PATHS = NO;
				CLANG_ANALYZER_NONNULL = YES;
				CLANG_ANALYZER_NUMBER_OBJECT_CONVERSION = YES_AGGRESSIVE;
				CLANG_CXX_LANGUAGE_STANDARD = "gnu++17";
				CLANG_CXX_LIBRARY = "libc++";
				CLANG_ENABLE_MODULES = YES;
				CLANG_ENABLE_OBJC_ARC = YES;
				CLANG_ENABLE_OBJC_WEAK = YES;
				CLANG_WARN_BLOCK_CAPTURE_AUTORELEASING = YES;
				CLANG_WARN_BOOL_CONVERSION = YES;
				CLANG_WARN_COMMA = YES;
				CLANG_WARN_CONSTANT_CONVERSION = YES;
				CLANG_WARN_DEPRECATED_OBJC_IMPLEMENTATIONS = YES;
				CLANG_WARN_DIRECT_OBJC_ISA_USAGE = YES_ERROR;
				CLANG_WARN_DOCUMENTATION_COMMENTS = YES;
				CLANG_WARN_EMPTY_BODY = YES;
				CLANG_WARN_ENUM_CONVERSION = YES;
				CLANG_WARN_INFINITE_RECURSION = YES;
				CLANG_WARN_INT_CONVERSION = YES;
				CLANG_WARN_NON_LITERAL_NULL_CONVERSION = YES;
				CLANG_WARN_OBJC_IMPLICIT_RETAIN_SELF = YES;
				CLANG_WARN_OBJC_LITERAL_CONVERSION = YES;
				CLANG_WARN_OBJC_ROOT_CLASS = YES_ERROR;
				CLANG_WARN_QUOTED_INCLUDE_IN_FRAMEWORK_HEADER = YES;
				CLANG_WARN_RANGE_LOOP_ANALYSIS = YES;
				CLANG_WARN_STRICT_PROTOTYPES = YES;
				CLANG_WARN_SUSPICIOUS_MOVE = YES;
				CLANG_WARN_UNGUARDED_AVAILABILITY = YES_AGGRESSIVE;
				CLANG_WARN_UNREACHABLE_CODE = YES;
				CLANG_WARN__DUPLICATE_METHOD_MATCH = YES;
				COPY_PHASE_STRIP = NO;
				DEBUG_INFORMATION_FORMAT = "dwarf-with-dsym";
				ENABLE_NS_ASSERTIONS = NO;
				ENABLE_STRICT_OBJC_MSGSEND = YES;
				GCC_C_LANGUAGE_STANDARD = gnu11;
				GCC_NO_COMMON_BLOCKS = YES;
				GCC_WARN_64_TO_32_BIT_CONVERSION = YES;
				GCC_WARN_ABOUT_RETURN_TYPE = YES_ERROR;
				GCC_WARN_UNDECLARED_SELECTOR = YES;
				GCC_WARN_UNINITIALIZED_AUTOS = YES_AGGRESSIVE;
				GCC_WARN_UNUSED_FUNCTION = YES;
				GCC_WARN_UNUSED_VARIABLE = YES;
				IPHONEOS_DEPLOYMENT_TARGET = 15.0;
				MTL_ENABLE_DEBUG_INFO = NO;
				MTL_FAST_MATH = YES;
				SDKROOT = iphoneos;
				SWIFT_COMPILATION_MODE = wholemodule;
				SWIFT_OPTIMIZATION_LEVEL = "-O";
				VALIDATE_PRODUCT = YES;
			};
			name = Release;
		};
		A7DB63CC2942E430004F44D1 /* Debug */ = {
			isa = XCBuildConfiguration;
			buildSettings = {
				ASSETCATALOG_COMPILER_APPICON_NAME = AppIcon;
				ASSETCATALOG_COMPILER_GLOBAL_ACCENT_COLOR_NAME = AccentColor;
				CODE_SIGN_STYLE = Automatic;
				CURRENT_PROJECT_VERSION = 1;
				DEVELOPMENT_ASSET_PATHS = "\"SwiftUI_iOS15DemoApp/Preview Content\"";
				ENABLE_PREVIEWS = YES;
				GENERATE_INFOPLIST_FILE = YES;
				INFOPLIST_KEY_UIApplicationSceneManifest_Generation = YES;
				INFOPLIST_KEY_UIApplicationSupportsIndirectInputEvents = YES;
				INFOPLIST_KEY_UILaunchScreen_Generation = YES;
				INFOPLIST_KEY_UISupportedInterfaceOrientations_iPad = "UIInterfaceOrientationPortrait UIInterfaceOrientationPortraitUpsideDown UIInterfaceOrientationLandscapeLeft UIInterfaceOrientationLandscapeRight";
				INFOPLIST_KEY_UISupportedInterfaceOrientations_iPhone = "UIInterfaceOrientationPortrait UIInterfaceOrientationLandscapeLeft UIInterfaceOrientationLandscapeRight";
				LD_RUNPATH_SEARCH_PATHS = (
					"$(inherited)",
					"@executable_path/Frameworks",
				);
				MARKETING_VERSION = 1.0;
				PRODUCT_BUNDLE_IDENTIFIER = "com.starhuidream.SwiftUI-iOS15DemoApp";
				PRODUCT_NAME = "$(TARGET_NAME)";
				SWIFT_EMIT_LOC_STRINGS = YES;
				SWIFT_VERSION = 5.0;
				TARGETED_DEVICE_FAMILY = "1,2";
			};
			name = Debug;
		};
		A7DB63CD2942E430004F44D1 /* Release */ = {
			isa = XCBuildConfiguration;
			buildSettings = {
				ASSETCATALOG_COMPILER_APPICON_NAME = AppIcon;
				ASSETCATALOG_COMPILER_GLOBAL_ACCENT_COLOR_NAME = AccentColor;
				CODE_SIGN_STYLE = Automatic;
				CURRENT_PROJECT_VERSION = 1;
				DEVELOPMENT_ASSET_PATHS = "\"SwiftUI_iOS15DemoApp/Preview Content\"";
				ENABLE_PREVIEWS = YES;
				GENERATE_INFOPLIST_FILE = YES;
				INFOPLIST_KEY_UIApplicationSceneManifest_Generation = YES;
				INFOPLIST_KEY_UIApplicationSupportsIndirectInputEvents = YES;
				INFOPLIST_KEY_UILaunchScreen_Generation = YES;
				INFOPLIST_KEY_UISupportedInterfaceOrientations_iPad = "UIInterfaceOrientationPortrait UIInterfaceOrientationPortraitUpsideDown UIInterfaceOrientationLandscapeLeft UIInterfaceOrientationLandscapeRight";
				INFOPLIST_KEY_UISupportedInterfaceOrientations_iPhone = "UIInterfaceOrientationPortrait UIInterfaceOrientationLandscapeLeft UIInterfaceOrientationLandscapeRight";
				LD_RUNPATH_SEARCH_PATHS = (
					"$(inherited)",
					"@executable_path/Frameworks",
				);
				MARKETING_VERSION = 1.0;
				PRODUCT_BUNDLE_IDENTIFIER = "com.starhuidream.SwiftUI-iOS15DemoApp";
				PRODUCT_NAME = "$(TARGET_NAME)";
				SWIFT_EMIT_LOC_STRINGS = YES;
				SWIFT_VERSION = 5.0;
				TARGETED_DEVICE_FAMILY = "1,2";
			};
			name = Release;
		};
		A7DB63CF2942E430004F44D1 /* Debug */ = {
			isa = XCBuildConfiguration;
			buildSettings = {
				ALWAYS_EMBED_SWIFT_STANDARD_LIBRARIES = YES;
				BUNDLE_LOADER = "$(TEST_HOST)";
				CODE_SIGN_STYLE = Automatic;
				CURRENT_PROJECT_VERSION = 1;
				GENERATE_INFOPLIST_FILE = YES;
				IPHONEOS_DEPLOYMENT_TARGET = 15.0;
				LD_RUNPATH_SEARCH_PATHS = (
					"$(inherited)",
					"@executable_path/Frameworks",
					"@loader_path/Frameworks",
				);
				MARKETING_VERSION = 1.0;
				PRODUCT_BUNDLE_IDENTIFIER = "com.starhuidream.SwiftUI-iOS15DemoAppTests";
				PRODUCT_NAME = "$(TARGET_NAME)";
				SWIFT_EMIT_LOC_STRINGS = NO;
				SWIFT_VERSION = 5.0;
				TARGETED_DEVICE_FAMILY = "1,2";
				TEST_HOST = "$(BUILT_PRODUCTS_DIR)/SwiftUI_iOS15DemoApp.app/SwiftUI_iOS15DemoApp";
			};
			name = Debug;
		};
		A7DB63D02942E430004F44D1 /* Release */ = {
			isa = XCBuildConfiguration;
			buildSettings = {
				ALWAYS_EMBED_SWIFT_STANDARD_LIBRARIES = YES;
				BUNDLE_LOADER = "$(TEST_HOST)";
				CODE_SIGN_STYLE = Automatic;
				CURRENT_PROJECT_VERSION = 1;
				GENERATE_INFOPLIST_FILE = YES;
				IPHONEOS_DEPLOYMENT_TARGET = 15.0;
				LD_RUNPATH_SEARCH_PATHS = (
					"$(inherited)",
					"@executable_path/Frameworks",
					"@loader_path/Frameworks",
				);
				MARKETING_VERSION = 1.0;
				PRODUCT_BUNDLE_IDENTIFIER = "com.starhuidream.SwiftUI-iOS15DemoAppTests";
				PRODUCT_NAME = "$(TARGET_NAME)";
				SWIFT_EMIT_LOC_STRINGS = NO;
				SWIFT_VERSION = 5.0;
				TARGETED_DEVICE_FAMILY = "1,2";
				TEST_HOST = "$(BUILT_PRODUCTS_DIR)/SwiftUI_iOS15DemoApp.app/SwiftUI_iOS15DemoApp";
			};
			name = Release;
		};
		A7DB63D22942E430004F44D1 /* Debug */ = {
			isa = XCBuildConfiguration;
			buildSettings = {
				ALWAYS_EMBED_SWIFT_STANDARD_LIBRARIES = YES;
				CODE_SIGN_STYLE = Automatic;
				CURRENT_PROJECT_VERSION = 1;
				GENERATE_INFOPLIST_FILE = YES;
				LD_RUNPATH_SEARCH_PATHS = (
					"$(inherited)",
					"@executable_path/Frameworks",
					"@loader_path/Frameworks",
				);
				MARKETING_VERSION = 1.0;
				PRODUCT_BUNDLE_IDENTIFIER = "com.starhuidream.SwiftUI-iOS15DemoAppUITests";
				PRODUCT_NAME = "$(TARGET_NAME)";
				SWIFT_EMIT_LOC_STRINGS = NO;
				SWIFT_VERSION = 5.0;
				TARGETED_DEVICE_FAMILY = "1,2";
				TEST_TARGET_NAME = SwiftUI_iOS15DemoApp;
			};
			name = Debug;
		};
		A7DB63D32942E430004F44D1 /* Release */ = {
			isa = XCBuildConfiguration;
			buildSettings = {
				ALWAYS_EMBED_SWIFT_STANDARD_LIBRARIES = YES;
				CODE_SIGN_STYLE = Automatic;
				CURRENT_PROJECT_VERSION = 1;
				GENERATE_INFOPLIST_FILE = YES;
				LD_RUNPATH_SEARCH_PATHS = (
					"$(inherited)",
					"@executable_path/Frameworks",
					"@loader_path/Frameworks",
				);
				MARKETING_VERSION = 1.0;
				PRODUCT_BUNDLE_IDENTIFIER = "com.starhuidream.SwiftUI-iOS15DemoAppUITests";
				PRODUCT_NAME = "$(TARGET_NAME)";
				SWIFT_EMIT_LOC_STRINGS = NO;
				SWIFT_VERSION = 5.0;
				TARGETED_DEVICE_FAMILY = "1,2";
				TEST_TARGET_NAME = SwiftUI_iOS15DemoApp;
			};
			name = Release;
		};
/* End XCBuildConfiguration section */

/* Begin XCConfigurationList section */
		A7DB63A22942E42E004F44D1 /* Build configuration list for PBXProject "SwiftUI_iOS15DemoApp" */ = {
			isa = XCConfigurationList;
			buildConfigurations = (
				A7DB63C92942E430004F44D1 /* Debug */,
				A7DB63CA2942E430004F44D1 /* Release */,
			);
			defaultConfigurationIsVisible = 0;
			defaultConfigurationName = Release;
		};
		A7DB63CB2942E430004F44D1 /* Build configuration list for PBXNativeTarget "SwiftUI_iOS15DemoApp" */ = {
			isa = XCConfigurationList;
			buildConfigurations = (
				A7DB63CC2942E430004F44D1 /* Debug */,
				A7DB63CD2942E430004F44D1 /* Release */,
			);
			defaultConfigurationIsVisible = 0;
			defaultConfigurationName = Release;
		};
		A7DB63CE2942E430004F44D1 /* Build configuration list for PBXNativeTarget "SwiftUI_iOS15DemoAppTests" */ = {
			isa = XCConfigurationList;
			buildConfigurations = (
				A7DB63CF2942E430004F44D1 /* Debug */,
				A7DB63D02942E430004F44D1 /* Release */,
			);
			defaultConfigurationIsVisible = 0;
			defaultConfigurationName = Release;
		};
		A7DB63D12942E430004F44D1 /* Build configuration list for PBXNativeTarget "SwiftUI_iOS15DemoAppUITests" */ = {
			isa = XCConfigurationList;
			buildConfigurations = (
				A7DB63D22942E430004F44D1 /* Debug */,
				A7DB63D32942E430004F44D1 /* Release */,
			);
			defaultConfigurationIsVisible = 0;
			defaultConfigurationName = Release;
		};
/* End XCConfigurationList section */
	};
	rootObject = A7DB639F2942E42E004F44D1 /* Project object */;
}
